
Microsoft Visual Studio Solution File, Format Version 12.00
# Visual Studio Version 17
VisualStudioVersion = 17.8.34601.278
MinimumVisualStudioVersion = 10.0.40219.1
Project("{FAE04EC0-301F-11D3-BF4B-00C04F79EFBC}") = "PARKOT.Entities", "Entities\PARKOT.Entities.csproj", "{125819F2-BB89-4AF6-96FD-B15D026E310E}"
EndProject
Project("{FAE04EC0-301F-11D3-BF4B-00C04F79EFBC}") = "PARKOT.DataAccess", "DataAccess\PARKOT.DataAccess.csproj", "{B67F0400-49FF-4FFE-A297-0A3D9651CC20}"
EndProject
Project("{FAE04EC0-301F-11D3-BF4B-00C04F79EFBC}") = "PARKOT.Bussiness", "Bussiness\PARKOT.Bussiness.csproj", "{6C9ED80C-7E28-4ADF-AA03-130270374FD5}"
EndProject
Project("{FAE04EC0-301F-11D3-BF4B-00C04F79EFBC}") = "PARKOT.WindowsFormUI", "PARKOT.WindowsFormUI\PARKOT.WindowsFormUI.csproj", "{A313C8B4-4393-4CF3-BC49-9ACC36768DC5}"
EndProject
Global
	GlobalSection(SolutionConfigurationPlatforms) = preSolution
		Debug|Any CPU = Debug|Any CPU
		Release|Any CPU = Release|Any CPU
	EndGlobalSection
	GlobalSection(ProjectConfigurationPlatforms) = postSolution
		{125819F2-BB89-4AF6-96FD-B15D026E310E}.Debug|Any CPU.ActiveCfg = Debug|Any CPU
		{125819F2-BB89-4AF6-96FD-B15D026E310E}.Debug|Any CPU.Build.0 = Debug|Any CPU
		{125819F2-BB89-4AF6-96FD-B15D026E310E}.Release|Any CPU.ActiveCfg = Release|Any CPU
		{125819F2-BB89-4AF6-96FD-B15D026E310E}.Release|Any CPU.Build.0 = Release|Any CPU
		{B67F0400-49FF-4FFE-A297-0A3D9651CC20}.Debug|Any CPU.ActiveCfg = Debug|Any CPU
		{B67F0400-49FF-4FFE-A297-0A3D9651CC20}.Debug|Any CPU.Build.0 = Debug|Any CPU
		{B67F0400-49FF-4FFE-A297-0A3D9651CC20}.Release|Any CPU.ActiveCfg = Release|Any CPU
		{B67F0400-49FF-4FFE-A297-0A3D9651CC20}.Release|Any CPU.Build.0 = Release|Any CPU
		{6C9ED80C-7E28-4ADF-AA03-130270374FD5}.Debug|Any CPU.ActiveCfg = Debug|Any CPU
		{6C9ED80C-7E28-4ADF-AA03-130270374FD5}.Debug|Any CPU.Build.0 = Debug|Any CPU
		{6C9ED80C-7E28-4ADF-AA03-130270374FD5}.Release|Any CPU.ActiveCfg = Release|Any CPU
		{6C9ED80C-7E28-4ADF-AA03-130270374FD5}.Release|Any CPU.Build.0 = Release|Any CPU
		{A313C8B4-4393-4CF3-BC49-9ACC36768DC5}.Debug|Any CPU.ActiveCfg = Debug|Any CPU
		{A313C8B4-4393-4CF3-BC49-9ACC36768DC5}.Debug|Any CPU.Build.0 = Debug|Any CPU
		{A313C8B4-4393-4CF3-BC49-9ACC36768DC5}.Release|Any CPU.ActiveCfg = Release|Any CPU
		{A313C8B4-4393-4CF3-BC49-9ACC36768DC5}.Release|Any CPU.Build.0 = Release|Any CPU
	EndGlobalSection
	GlobalSection(SolutionProperties) = preSolution
		HideSolutionNode = FALSE
	EndGlobalSection
	GlobalSection(ExtensibilityGlobals) = postSolution
		SolutionGuid = {F33D8B62-1C48-4B5F-81E6-8750DFE7E444}
	EndGlobalSection
EndGlobal
